
Microsoft Visual Studio Solution File, Format Version 12.00
# Visual Studio Version 17
VisualStudioVersion = 17.1.32328.378
MinimumVisualStudioVersion = 10.0.40219.1
Project("{FAE04EC0-301F-11D3-BF4B-00C04F79EFBC}") = "Lesson 5_8", "Lesson 5_8\Lesson 5_8.csproj", "{A20CFA41-7EEB-4F69-8ECA-FAA7FAACFC1E}"
EndProject
Global
	GlobalSection(SolutionConfigurationPlatforms) = preSolution
		Debug|Any CPU = Debug|Any CPU
		Release|Any CPU = Release|Any CPU
	EndGlobalSection
	GlobalSection(ProjectConfigurationPlatforms) = postSolution
		{A20CFA41-7EEB-4F69-8ECA-FAA7FAACFC1E}.Debug|Any CPU.ActiveCfg = Debug|Any CPU
		{A20CFA41-7EEB-4F69-8ECA-FAA7FAACFC1E}.Debug|Any CPU.Build.0 = Debug|Any CPU
		{A20CFA41-7EEB-4F69-8ECA-FAA7FAACFC1E}.Release|Any CPU.ActiveCfg = Release|Any CPU
		{A20CFA41-7EEB-4F69-8ECA-FAA7FAACFC1E}.Release|Any CPU.Build.0 = Release|Any CPU
	EndGlobalSection
	GlobalSection(SolutionProperties) = preSolution
		HideSolutionNode = FALSE
	EndGlobalSection
	GlobalSection(ExtensibilityGlobals) = postSolution
		SolutionGuid = {3D3842E9-C015-4ADB-B751-E76D5FE6C9C9}
	EndGlobalSection
EndGlobal
